
Microsoft Visual Studio Solution File, Format Version 12.00
# Visual Studio Version 17
VisualStudioVersion = 17.11.35303.130
MinimumVisualStudioVersion = 10.0.40219.1
Project("{9A19103F-16F7-4668-BE54-9A1E7A4F7556}") = "JSopX.ClassLibrary", "JSopX.ClassLibrary\JSopX.ClassLibrary\JSopX.ClassLibrary.csproj", "{17FADC80-4731-46FE-86D4-D5FACC71A1EC}"
EndProject
Project("{9A19103F-16F7-4668-BE54-9A1E7A4F7556}") = "JSopX.WebAPI", "JSopX.WebAPI\JSopX.WebAPI\JSopX.WebAPI.csproj", "{78FC1C6E-0FC1-4E20-8940-C9B07E2C3D3E}"
EndProject
Project("{9A19103F-16F7-4668-BE54-9A1E7A4F7556}") = "JSopX.RCLxProper", "JSopX.RCLxProper\JSopX.RCLxProper\JSopX.RCLxProper.csproj", "{13335914-F35F-448D-A674-8FFDA63DF8BA}"
EndProject
Project("{9A19103F-16F7-4668-BE54-9A1E7A4F7556}") = "JSopX.RCLxAssets", "JSopX.RCLxAssets\JSopX.RCLxAssets\JSopX.RCLxAssets.csproj", "{1A34BEE2-BC66-49F9-8345-EA21A568805E}"
EndProject
Project("{9A19103F-16F7-4668-BE54-9A1E7A4F7556}") = "JSopX.RCLxComponents", "JSopX.RCLxComponents\JSopX.RCLxComponents\JSopX.RCLxComponents.csproj", "{2CF02228-9D2A-4CFE-B80E-CFA9E0D80E09}"
EndProject
Project("{9A19103F-16F7-4668-BE54-9A1E7A4F7556}") = "JSopX.AspNetCore", "JSopX.AspNetCore\JSopX.AspNetCore\JSopX.AspNetCore.csproj", "{5FDA180D-095F-45D2-8FB7-8C6AEEE5D560}"
EndProject
Project("{54A90642-561A-4BB1-A94E-469ADEE60C69}") = "jsopx.vuecore.client", "..\JSopX.VueCore\jsopx.vuecore.client\jsopx.vuecore.client.esproj", "{A851E080-9379-498E-973A-732E9E676233}"
EndProject
Project("{9A19103F-16F7-4668-BE54-9A1E7A4F7556}") = "JSopX.VueCore.Server", "..\JSopX.VueCore\JSopX.VueCore.Server\JSopX.VueCore.Server.csproj", "{A1E59DAE-C812-4B37-8A83-35DF8BDDB5FE}"
EndProject
Project("{2150E333-8FDC-42A3-9474-1A3956D46DE8}") = "Solution Items", "Solution Items", "{11F59FE0-628B-4DCF-8BB0-CBA1000C45AE}"
	ProjectSection(SolutionItems) = preProject
		LICENSE.txt = LICENSE.txt
		PathConfig.targets = PathConfig.targets
		README.md = README.md
	EndProjectSection
EndProject
Global
	GlobalSection(SolutionConfigurationPlatforms) = preSolution
		Debug|Any CPU = Debug|Any CPU
		Release|Any CPU = Release|Any CPU
	EndGlobalSection
	GlobalSection(ProjectConfigurationPlatforms) = postSolution
		{17FADC80-4731-46FE-86D4-D5FACC71A1EC}.Debug|Any CPU.ActiveCfg = Debug|Any CPU
		{17FADC80-4731-46FE-86D4-D5FACC71A1EC}.Debug|Any CPU.Build.0 = Debug|Any CPU
		{17FADC80-4731-46FE-86D4-D5FACC71A1EC}.Release|Any CPU.ActiveCfg = Release|Any CPU
		{17FADC80-4731-46FE-86D4-D5FACC71A1EC}.Release|Any CPU.Build.0 = Release|Any CPU
		{78FC1C6E-0FC1-4E20-8940-C9B07E2C3D3E}.Debug|Any CPU.ActiveCfg = Debug|Any CPU
		{78FC1C6E-0FC1-4E20-8940-C9B07E2C3D3E}.Debug|Any CPU.Build.0 = Debug|Any CPU
		{78FC1C6E-0FC1-4E20-8940-C9B07E2C3D3E}.Release|Any CPU.ActiveCfg = Release|Any CPU
		{78FC1C6E-0FC1-4E20-8940-C9B07E2C3D3E}.Release|Any CPU.Build.0 = Release|Any CPU
		{13335914-F35F-448D-A674-8FFDA63DF8BA}.Debug|Any CPU.ActiveCfg = Debug|Any CPU
		{13335914-F35F-448D-A674-8FFDA63DF8BA}.Debug|Any CPU.Build.0 = Debug|Any CPU
		{13335914-F35F-448D-A674-8FFDA63DF8BA}.Release|Any CPU.ActiveCfg = Release|Any CPU
		{13335914-F35F-448D-A674-8FFDA63DF8BA}.Release|Any CPU.Build.0 = Release|Any CPU
		{1A34BEE2-BC66-49F9-8345-EA21A568805E}.Debug|Any CPU.ActiveCfg = Debug|Any CPU
		{1A34BEE2-BC66-49F9-8345-EA21A568805E}.Debug|Any CPU.Build.0 = Debug|Any CPU
		{1A34BEE2-BC66-49F9-8345-EA21A568805E}.Release|Any CPU.ActiveCfg = Release|Any CPU
		{1A34BEE2-BC66-49F9-8345-EA21A568805E}.Release|Any CPU.Build.0 = Release|Any CPU
		{2CF02228-9D2A-4CFE-B80E-CFA9E0D80E09}.Debug|Any CPU.ActiveCfg = Debug|Any CPU
		{2CF02228-9D2A-4CFE-B80E-CFA9E0D80E09}.Debug|Any CPU.Build.0 = Debug|Any CPU
		{2CF02228-9D2A-4CFE-B80E-CFA9E0D80E09}.Release|Any CPU.ActiveCfg = Release|Any CPU
		{2CF02228-9D2A-4CFE-B80E-CFA9E0D80E09}.Release|Any CPU.Build.0 = Release|Any CPU
		{5FDA180D-095F-45D2-8FB7-8C6AEEE5D560}.Debug|Any CPU.ActiveCfg = Debug|Any CPU
		{5FDA180D-095F-45D2-8FB7-8C6AEEE5D560}.Debug|Any CPU.Build.0 = Debug|Any CPU
		{5FDA180D-095F-45D2-8FB7-8C6AEEE5D560}.Release|Any CPU.ActiveCfg = Release|Any CPU
		{5FDA180D-095F-45D2-8FB7-8C6AEEE5D560}.Release|Any CPU.Build.0 = Release|Any CPU
		{A851E080-9379-498E-973A-732E9E676233}.Debug|Any CPU.ActiveCfg = Debug|Any CPU
		{A851E080-9379-498E-973A-732E9E676233}.Debug|Any CPU.Build.0 = Debug|Any CPU
		{A851E080-9379-498E-973A-732E9E676233}.Debug|Any CPU.Deploy.0 = Debug|Any CPU
		{A851E080-9379-498E-973A-732E9E676233}.Release|Any CPU.ActiveCfg = Release|Any CPU
		{A851E080-9379-498E-973A-732E9E676233}.Release|Any CPU.Build.0 = Release|Any CPU
		{A851E080-9379-498E-973A-732E9E676233}.Release|Any CPU.Deploy.0 = Release|Any CPU
		{A1E59DAE-C812-4B37-8A83-35DF8BDDB5FE}.Debug|Any CPU.ActiveCfg = Debug|Any CPU
		{A1E59DAE-C812-4B37-8A83-35DF8BDDB5FE}.Debug|Any CPU.Build.0 = Debug|Any CPU
		{A1E59DAE-C812-4B37-8A83-35DF8BDDB5FE}.Release|Any CPU.ActiveCfg = Release|Any CPU
		{A1E59DAE-C812-4B37-8A83-35DF8BDDB5FE}.Release|Any CPU.Build.0 = Release|Any CPU
	EndGlobalSection
	GlobalSection(SolutionProperties) = preSolution
		HideSolutionNode = FALSE
	EndGlobalSection
	GlobalSection(ExtensibilityGlobals) = postSolution
		SolutionGuid = {529B0699-55D4-4086-9791-72C22E36AC51}
	EndGlobalSection
EndGlobal
