
Microsoft Visual Studio Solution File, Format Version 12.00
# Visual Studio Version 17
VisualStudioVersion = 17.11.35303.130
MinimumVisualStudioVersion = 10.0.40219.1
Project("{9A19103F-16F7-4668-BE54-9A1E7A4F7556}") = "JSopX.ClassLibrary", "JSopX.ClassLibrary\JSopX.ClassLibrary\JSopX.ClassLibrary.csproj", "{17FADC80-4731-46FE-86D4-D5FACC71A1EC}"
EndProject
Project("{9A19103F-16F7-4668-BE54-9A1E7A4F7556}") = "JSopX.WebAPI", "JSopX.WebAPI\JSopX.WebAPI\JSopX.WebAPI.csproj", "{78FC1C6E-0FC1-4E20-8940-C9B07E2C3D3E}"
EndProject
Project("{9A19103F-16F7-4668-BE54-9A1E7A4F7556}") = "JSopX.RCLxProper", "JSopX.RCLxProper\JSopX.RCLxProper\JSopX.RCLxProper.csproj", "{13335914-F35F-448D-A674-8FFDA63DF8BA}"
EndProject
Project("{9A19103F-16F7-4668-BE54-9A1E7A4F7556}") = "JSopX.RCLxAssets", "JSopX.RCLxAssets\JSopX.RCLxAssets\JSopX.RCLxAssets.csproj", "{1A34BEE2-BC66-49F9-8345-EA21A568805E}"
EndProject
Project("{9A19103F-16F7-4668-BE54-9A1E7A4F7556}") = "JSopX.RCLxComponents", "JSopX.RCLxComponents\JSopX.RCLxComponents\JSopX.RCLxComponents.csproj", "{2CF02228-9D2A-4CFE-B80E-CFA9E0D80E09}"
EndProject
Global
	GlobalSection(SolutionConfigurationPlatforms) = preSolution
		Debug|Any CPU = Debug|Any CPU
		Release|Any CPU = Release|Any CPU
	EndGlobalSection
	GlobalSection(ProjectConfigurationPlatforms) = postSolution
		{17FADC80-4731-46FE-86D4-D5FACC71A1EC}.Debug|Any CPU.ActiveCfg = Debug|Any CPU
		{17FADC80-4731-46FE-86D4-D5FACC71A1EC}.Debug|Any CPU.Build.0 = Debug|Any CPU
		{17FADC80-4731-46FE-86D4-D5FACC71A1EC}.Release|Any CPU.ActiveCfg = Release|Any CPU
		{17FADC80-4731-46FE-86D4-D5FACC71A1EC}.Release|Any CPU.Build.0 = Release|Any CPU
		{78FC1C6E-0FC1-4E20-8940-C9B07E2C3D3E}.Debug|Any CPU.ActiveCfg = Debug|Any CPU
		{78FC1C6E-0FC1-4E20-8940-C9B07E2C3D3E}.Debug|Any CPU.Build.0 = Debug|Any CPU
		{78FC1C6E-0FC1-4E20-8940-C9B07E2C3D3E}.Release|Any CPU.ActiveCfg = Release|Any CPU
		{78FC1C6E-0FC1-4E20-8940-C9B07E2C3D3E}.Release|Any CPU.Build.0 = Release|Any CPU
		{13335914-F35F-448D-A674-8FFDA63DF8BA}.Debug|Any CPU.ActiveCfg = Debug|Any CPU
		{13335914-F35F-448D-A674-8FFDA63DF8BA}.Debug|Any CPU.Build.0 = Debug|Any CPU
		{13335914-F35F-448D-A674-8FFDA63DF8BA}.Release|Any CPU.ActiveCfg = Release|Any CPU
		{13335914-F35F-448D-A674-8FFDA63DF8BA}.Release|Any CPU.Build.0 = Release|Any CPU
		{1A34BEE2-BC66-49F9-8345-EA21A568805E}.Debug|Any CPU.ActiveCfg = Debug|Any CPU
		{1A34BEE2-BC66-49F9-8345-EA21A568805E}.Debug|Any CPU.Build.0 = Debug|Any CPU
		{1A34BEE2-BC66-49F9-8345-EA21A568805E}.Release|Any CPU.ActiveCfg = Release|Any CPU
		{1A34BEE2-BC66-49F9-8345-EA21A568805E}.Release|Any CPU.Build.0 = Release|Any CPU
		{2CF02228-9D2A-4CFE-B80E-CFA9E0D80E09}.Debug|Any CPU.ActiveCfg = Debug|Any CPU
		{2CF02228-9D2A-4CFE-B80E-CFA9E0D80E09}.Debug|Any CPU.Build.0 = Debug|Any CPU
		{2CF02228-9D2A-4CFE-B80E-CFA9E0D80E09}.Release|Any CPU.ActiveCfg = Release|Any CPU
		{2CF02228-9D2A-4CFE-B80E-CFA9E0D80E09}.Release|Any CPU.Build.0 = Release|Any CPU
	EndGlobalSection
	GlobalSection(SolutionProperties) = preSolution
		HideSolutionNode = FALSE
	EndGlobalSection
	GlobalSection(ExtensibilityGlobals) = postSolution
		SolutionGuid = {529B0699-55D4-4086-9791-72C22E36AC51}
	EndGlobalSection
EndGlobal
